github.com/yuki-bara/tarc v0.0.0-20260404145428-82e21bf9c027 h1:alS/fRH+mZfcKXsfFAF+ckjBqo8tdSjEVgq6ena80DU=
github.com/yuki-bara/tarc v0.0.0-20260404145428-82e21bf9c027/go.mod h1:7fgRPPaJz90bSQcalITJjMDrPS8LRtiWOxQ6Nm5oBrw=
github.com/yuki-bara/tarc v0.0.0-20260404151410-a429f46ece63 h1:704DueYN3Og86KROu9p58o9vr/Ogr10f7fwpgwADjNk=
github.com/yuki-bara/tarc v0.0.0-20260404151410-a429f46ece63/go.mod h1:7fgRPPaJz90bSQcalITJjMDrPS8LRtiWOxQ6Nm5oBrw=
